{
  "version": 4,
  "terraform_version": "1.3.0",
  "serial": 453,
  "lineage": "c2919078-210b-ece4-0cc0-ac903ab39fa8",
  "outputs": {
    "elb_dns_name": {
      "value": "web-elb-1325852865.us-east-1.elb.amazonaws.com",
      "type": "string"
    }
  },
  "resources": [
    {
      "mode": "data",
      "type": "aws_ami",
      "name": "amzon",
      "provider": "provider[\"registry.terraform.io/hashicorp/aws\"]",
      "instances": [
        {
          "schema_version": 0,
          "attributes": {
            "architecture": "x86_64",
            "arn": "arn:aws:ec2:us-east-1::image/ami-079c8dd8e8153eb92",
            "block_device_mappings": [
              {
                "device_name": "/dev/xvda",
                "ebs": {
                  "delete_on_termination": "true",
                  "encrypted": "false",
                  "iops": "0",
                  "snapshot_id": "snap-0f7890781d909c6b3",
                  "throughput": "0",
                  "volume_size": "8",
                  "volume_type": "standard"
                },
                "no_device": "",
                "virtual_name": ""
              }
            ],
            "boot_mode": "",
            "creation_date": "2022-10-26T07:51:59.000Z",
            "deprecation_time": "",
            "description": "",
            "ena_support": true,
            "executable_users": null,
            "filter": null,
            "hypervisor": "xen",
            "id": "ami-079c8dd8e8153eb92",
            "image_id": "ami-079c8dd8e8153eb92",
            "image_location": "998487421164/taccoform-burrito-20221026074823",
            "image_owner_alias": "",
            "image_type": "machine",
            "imds_support": "",
            "include_deprecated": false,
            "kernel_id": "",
            "most_recent": true,
            "name": "taccoform-burrito-20221026074823",
            "name_regex": "^taccoform-burrito-",
            "owner_id": "998487421164",
            "owners": [
              "998487421164"
            ],
            "platform": "",
            "platform_details": "Linux/UNIX",
            "product_codes": [],
            "public": false,
            "ramdisk_id": "",
            "root_device_name": "/dev/xvda",
            "root_device_type": "ebs",
            "root_snapshot_id": "snap-0f7890781d909c6b3",
            "sriov_net_support": "simple",
            "state": "available",
            "state_reason": {
              "code": "UNSET",
              "message": "UNSET"
            },
            "tags": {
              "Environment": "prod",
              "Name": "taccoform-burrito-20221026074823",
              "PackerBuilt": "true",
              "PackerTimestamp": "20221026074823",
              "Service": "burrito"
            },
            "timeouts": null,
            "tpm_support": "",
            "usage_operation": "RunInstances",
            "virtualization_type": "hvm"
          },
          "sensitive_attributes": []
        }
      ]
    },
    {
      "mode": "data",
      "type": "template_file",
      "name": "user_data_hw",
      "provider": "provider[\"registry.terraform.io/hashicorp/template\"]",
      "instances": [
        {
          "schema_version": 0,
          "attributes": {
            "filename": null,
            "id": "66879aaea6afd0675d095b721c810b9eaa0e06cdc5b062c1afddb6a58f15933f",
            "rendered": "#! /bin/bash\nset -e\n\n# Ouput all log\nexec \u003e \u003e(tee /var/log/user-data.log|logger -t user-data-extra -s 2\u003e/dev/console) 2\u003e\u00261\nyum update -y\nyum upgrade -y\n\n# Configure Cloudwatch agent\nwget https://s3.amazonaws.com/amazoncloudwatch-agent/amazon_linux/amd64/latest/amazon-cloudwatch-agent.rpm\nrpm -U ./amazon-cloudwatch-agent.rpm\n\nmkdir -p /usr/share/collectd/\ntouch /usr/share/collectd/types.db\n\n# Use cloudwatch config from SSM\n/opt/aws/amazon-cloudwatch-agent/bin/amazon-cloudwatch-agent-ctl \\\n-a fetch-config \\\n-m ec2 \\\n-c ssm:AmzonCloudWatch-LinuxConfig -s\n\n\n\n# Make sure we have all the latest updates when we launch this instance\n\n\n\nsudo amazon-linux-extras install epel -y\nsudo yum install stress -y\n\n\n\n",
            "template": "#! /bin/bash\nset -e\n\n# Ouput all log\nexec \u003e \u003e(tee /var/log/user-data.log|logger -t user-data-extra -s 2\u003e/dev/console) 2\u003e\u00261\nyum update -y\nyum upgrade -y\n\n# Configure Cloudwatch agent\nwget https://s3.amazonaws.com/amazoncloudwatch-agent/amazon_linux/amd64/latest/amazon-cloudwatch-agent.rpm\nrpm -U ./amazon-cloudwatch-agent.rpm\n\nmkdir -p /usr/share/collectd/\ntouch /usr/share/collectd/types.db\n\n# Use cloudwatch config from SSM\n/opt/aws/amazon-cloudwatch-agent/bin/amazon-cloudwatch-agent-ctl \\\n-a fetch-config \\\n-m ec2 \\\n-c ssm:AmzonCloudWatch-LinuxConfig -s\n\n\n\n# Make sure we have all the latest updates when we launch this instance\n\n\n\nsudo amazon-linux-extras install epel -y\nsudo yum install stress -y\n\n\n\n",
            "vars": null
          },
          "sensitive_attributes": []
        }
      ]
    },
    {
      "mode": "managed",
      "type": "aws_autoscaling_attachment",
      "name": "asg_attachment",
      "provider": "provider[\"registry.terraform.io/hashicorp/aws\"]",
      "instances": [
        {
          "schema_version": 0,
          "attributes": {
            "alb_target_group_arn": null,
            "autoscaling_group_name": "web-20221026074456658100000004-asg",
            "elb": "web-elb",
            "id": "web-20221026074456658100000004-asg-20221026074631586600000006",
            "lb_target_group_arn": null
          },
          "sensitive_attributes": [],
          "private": "bnVsbA==",
          "dependencies": [
            "aws_autoscaling_group.web",
            "aws_elb.web_elb",
            "aws_iam_instance_profile.this",
            "aws_iam_role.this",
            "aws_launch_template.web",
            "aws_security_group.demosg",
            "aws_security_group.elb_http",
            "aws_subnet.demosubnet",
            "aws_subnet.demosubnet1",
            "aws_vpc.demovpc",
            "data.aws_ami.amzon",
            "data.template_file.user_data_hw"
          ]
        }
      ]
    },
    {
      "mode": "managed",
      "type": "aws_autoscaling_group",
      "name": "web",
      "provider": "provider[\"registry.terraform.io/hashicorp/aws\"]",
      "instances": [
        {
          "schema_version": 0,
          "attributes": {
            "arn": "arn:aws:autoscaling:us-east-1:998487421164:autoScalingGroup:4c1ed516-c06a-4ab2-b971-8610d418eb72:autoScalingGroupName/web-20221026074456658100000004-asg",
            "availability_zones": [
              "us-east-1a",
              "us-east-1b"
            ],
            "capacity_rebalance": false,
            "context": "",
            "default_cooldown": 300,
            "default_instance_warmup": 0,
            "desired_capacity": 2,
            "enabled_metrics": [
              "GroupDesiredCapacity",
              "GroupInServiceInstances",
              "GroupMaxSize",
              "GroupMinSize",
              "GroupTotalInstances"
            ],
            "force_delete": false,
            "force_delete_warm_pool": false,
            "health_check_grace_period": 300,
            "health_check_type": "ELB",
            "id": "web-20221026074456658100000004-asg",
            "initial_lifecycle_hook": [],
            "instance_refresh": [
              {
                "preferences": [
                  {
                    "checkpoint_delay": "",
                    "checkpoint_percentages": [],
                    "instance_warmup": "",
                    "min_healthy_percentage": 50,
                    "skip_matching": false
                  }
                ],
                "strategy": "Rolling",
                "triggers": [
                  "tag"
                ]
              }
            ],
            "launch_configuration": "",
            "launch_template": [
              {
                "id": "lt-0b5b171046ea01ecc",
                "name": "web-20221026074456658100000004",
                "version": "2"
              }
            ],
            "load_balancers": [
              "web-elb"
            ],
            "max_instance_lifetime": 0,
            "max_size": 4,
            "metrics_granularity": "1Minute",
            "min_elb_capacity": null,
            "min_size": 2,
            "mixed_instances_policy": [],
            "name": "web-20221026074456658100000004-asg",
            "name_prefix": "",
            "placement_group": "",
            "protect_from_scale_in": false,
            "service_linked_role_arn": "arn:aws:iam::998487421164:role/aws-service-role/autoscaling.amazonaws.com/AWSServiceRoleForAutoScaling",
            "suspended_processes": [],
            "tag": [
              {
                "key": "Name",
                "propagate_at_launch": true,
                "value": "web"
              }
            ],
            "tags": null,
            "target_group_arns": [],
            "termination_policies": [],
            "timeouts": null,
            "vpc_zone_identifier": [
              "subnet-09d386f109bb854c2",
              "subnet-0aba6f7119fb94880"
            ],
            "wait_for_capacity_timeout": "10m",
            "wait_for_elb_capacity": null,
            "warm_pool": []
          },
          "sensitive_attributes": [],
          "private": "eyJlMmJmYjczMC1lY2FhLTExZTYtOGY4OC0zNDM2M2JjN2M0YzAiOnsiZGVsZXRlIjo2MDAwMDAwMDAwMDAsInVwZGF0ZSI6NjAwMDAwMDAwMDAwfX0=",
          "dependencies": [
            "aws_elb.web_elb",
            "aws_iam_instance_profile.this",
            "aws_iam_role.this",
            "aws_launch_template.web",
            "aws_security_group.demosg",
            "aws_security_group.elb_http",
            "aws_subnet.demosubnet",
            "aws_subnet.demosubnet1",
            "aws_vpc.demovpc",
            "data.aws_ami.amzon",
            "data.template_file.user_data_hw"
          ]
        }
      ]
    },
    {
      "mode": "managed",
      "type": "aws_autoscaling_policy",
      "name": "web_policy_down",
      "provider": "provider[\"registry.terraform.io/hashicorp/aws\"]",
      "instances": [
        {
          "schema_version": 0,
          "attributes": {
            "adjustment_type": "ChangeInCapacity",
            "arn": "arn:aws:autoscaling:us-east-1:998487421164:scalingPolicy:d97099f0-8614-46f1-8430-9ba61abd0877:autoScalingGroupName/web-20221026074456658100000004-asg:policyName/web_policy_down",
            "autoscaling_group_name": "web-20221026074456658100000004-asg",
            "cooldown": 60,
            "enabled": true,
            "estimated_instance_warmup": 0,
            "id": "web_policy_down",
            "metric_aggregation_type": "",
            "min_adjustment_magnitude": null,
            "name": "web_policy_down",
            "policy_type": "SimpleScaling",
            "predictive_scaling_configuration": [],
            "scaling_adjustment": -1,
            "step_adjustment": [],
            "target_tracking_configuration": []
          },
          "sensitive_attributes": [],
          "private": "bnVsbA==",
          "dependencies": [
            "aws_autoscaling_group.web",
            "aws_elb.web_elb",
            "aws_iam_instance_profile.this",
            "aws_iam_role.this",
            "aws_launch_template.web",
            "aws_security_group.demosg",
            "aws_security_group.elb_http",
            "aws_subnet.demosubnet",
            "aws_subnet.demosubnet1",
            "aws_vpc.demovpc",
            "data.aws_ami.amzon",
            "data.template_file.user_data_hw"
          ]
        }
      ]
    },
    {
      "mode": "managed",
      "type": "aws_autoscaling_policy",
      "name": "web_policy_up",
      "provider": "provider[\"registry.terraform.io/hashicorp/aws\"]",
      "instances": [
        {
          "schema_version": 0,
          "attributes": {
            "adjustment_type": "ChangeInCapacity",
            "arn": "arn:aws:autoscaling:us-east-1:998487421164:scalingPolicy:fce5fd30-4449-47a9-85de-a8581cb46d4b:autoScalingGroupName/web-20221026074456658100000004-asg:policyName/web_policy_up",
            "autoscaling_group_name": "web-20221026074456658100000004-asg",
            "cooldown": 60,
            "enabled": true,
            "estimated_instance_warmup": 0,
            "id": "web_policy_up",
            "metric_aggregation_type": "",
            "min_adjustment_magnitude": null,
            "name": "web_policy_up",
            "policy_type": "SimpleScaling",
            "predictive_scaling_configuration": [],
            "scaling_adjustment": 1,
            "step_adjustment": [],
            "target_tracking_configuration": []
          },
          "sensitive_attributes": [],
          "private": "bnVsbA==",
          "dependencies": [
            "aws_autoscaling_group.web",
            "aws_elb.web_elb",
            "aws_iam_instance_profile.this",
            "aws_iam_role.this",
            "aws_launch_template.web",
            "aws_security_group.demosg",
            "aws_security_group.elb_http",
            "aws_subnet.demosubnet",
            "aws_subnet.demosubnet1",
            "aws_vpc.demovpc",
            "data.aws_ami.amzon",
            "data.template_file.user_data_hw"
          ]
        }
      ]
    },
    {
      "mode": "managed",
      "type": "aws_cloudwatch_metric_alarm",
      "name": "web_cpu_alarm_up",
      "provider": "provider[\"registry.terraform.io/hashicorp/aws\"]",
      "instances": [
        {
          "schema_version": 1,
          "attributes": {
            "actions_enabled": true,
            "alarm_actions": [
              "arn:aws:autoscaling:us-east-1:998487421164:scalingPolicy:fce5fd30-4449-47a9-85de-a8581cb46d4b:autoScalingGroupName/web-20221026074456658100000004-asg:policyName/web_policy_up"
            ],
            "alarm_description": "This metric monitor EC2 instance CPU utilization",
            "alarm_name": "web_cpu_alarm_up",
            "arn": "arn:aws:cloudwatch:us-east-1:998487421164:alarm:web_cpu_alarm_up",
            "comparison_operator": "GreaterThanOrEqualToThreshold",
            "datapoints_to_alarm": 0,
            "dimensions": {
              "AutoScalingGroupName": "web-20221026074456658100000004-asg"
            },
            "evaluate_low_sample_count_percentiles": "",
            "evaluation_periods": 2,
            "extended_statistic": "",
            "id": "web_cpu_alarm_up",
            "insufficient_data_actions": null,
            "metric_name": "CPUUtilization",
            "metric_query": [],
            "namespace": "AWS/EC2",
            "ok_actions": null,
            "period": 60,
            "statistic": "Average",
            "tags": null,
            "tags_all": {},
            "threshold": 60,
            "threshold_metric_id": "",
            "treat_missing_data": "missing",
            "unit": ""
          },
          "sensitive_attributes": [],
          "private": "eyJzY2hlbWFfdmVyc2lvbiI6IjEifQ==",
          "dependencies": [
            "aws_autoscaling_group.web",
            "aws_autoscaling_policy.web_policy_up",
            "aws_elb.web_elb",
            "aws_iam_instance_profile.this",
            "aws_iam_role.this",
            "aws_launch_template.web",
            "aws_security_group.demosg",
            "aws_security_group.elb_http",
            "aws_subnet.demosubnet",
            "aws_subnet.demosubnet1",
            "aws_vpc.demovpc",
            "data.aws_ami.amzon",
            "data.template_file.user_data_hw"
          ]
        }
      ]
    },
    {
      "mode": "managed",
      "type": "aws_cloudwatch_metric_alarm",
      "name": "web_mem_alarm_down",
      "provider": "provider[\"registry.terraform.io/hashicorp/aws\"]",
      "instances": [
        {
          "schema_version": 1,
          "attributes": {
            "actions_enabled": true,
            "alarm_actions": [
              "arn:aws:autoscaling:us-east-1:998487421164:scalingPolicy:d97099f0-8614-46f1-8430-9ba61abd0877:autoScalingGroupName/web-20221026074456658100000004-asg:policyName/web_policy_down"
            ],
            "alarm_description": "Available memory for web_mem_alarm_up is below 20 percent.",
            "alarm_name": "web_mem_alarm_down-mem-available-percent-alert",
            "arn": "arn:aws:cloudwatch:us-east-1:998487421164:alarm:web_mem_alarm_down-mem-available-percent-alert",
            "comparison_operator": "LessThanOrEqualToThreshold",
            "datapoints_to_alarm": 0,
            "dimensions": {
              "AutoScalingGroupName": "web-20221026074456658100000004-asg"
            },
            "evaluate_low_sample_count_percentiles": "",
            "evaluation_periods": 2,
            "extended_statistic": "",
            "id": "web_mem_alarm_down-mem-available-percent-alert",
            "insufficient_data_actions": null,
            "metric_name": "mem_used_percent",
            "metric_query": [],
            "namespace": "CWAgent",
            "ok_actions": null,
            "period": 60,
            "statistic": "Minimum",
            "tags": null,
            "tags_all": {},
            "threshold": 10,
            "threshold_metric_id": "",
            "treat_missing_data": "notBreaching",
            "unit": ""
          },
          "sensitive_attributes": [],
          "private": "eyJzY2hlbWFfdmVyc2lvbiI6IjEifQ==",
          "dependencies": [
            "aws_autoscaling_group.web",
            "aws_autoscaling_policy.web_policy_down",
            "aws_elb.web_elb",
            "aws_iam_instance_profile.this",
            "aws_iam_role.this",
            "aws_launch_template.web",
            "aws_security_group.demosg",
            "aws_security_group.elb_http",
            "aws_subnet.demosubnet",
            "aws_subnet.demosubnet1",
            "aws_vpc.demovpc",
            "data.aws_ami.amzon",
            "data.template_file.user_data_hw"
          ]
        }
      ]
    },
    {
      "mode": "managed",
      "type": "aws_cloudwatch_metric_alarm",
      "name": "web_mem_alarm_up",
      "provider": "provider[\"registry.terraform.io/hashicorp/aws\"]",
      "instances": [
        {
          "schema_version": 1,
          "attributes": {
            "actions_enabled": true,
            "alarm_actions": [
              "arn:aws:autoscaling:us-east-1:998487421164:scalingPolicy:fce5fd30-4449-47a9-85de-a8581cb46d4b:autoScalingGroupName/web-20221026074456658100000004-asg:policyName/web_policy_up"
            ],
            "alarm_description": "This metric monitor EC2 instance mem utilization",
            "alarm_name": "web_mem_alarm_up-mem-available-percent-alert",
            "arn": "arn:aws:cloudwatch:us-east-1:998487421164:alarm:web_mem_alarm_up-mem-available-percent-alert",
            "comparison_operator": "GreaterThanOrEqualToThreshold",
            "datapoints_to_alarm": 0,
            "dimensions": {
              "AutoScalingGroupName": "web-20221026074456658100000004-asg"
            },
            "evaluate_low_sample_count_percentiles": "",
            "evaluation_periods": 2,
            "extended_statistic": "",
            "id": "web_mem_alarm_up-mem-available-percent-alert",
            "insufficient_data_actions": null,
            "metric_name": "mem_used_percent",
            "metric_query": [],
            "namespace": "CWAgent",
            "ok_actions": null,
            "period": 60,
            "statistic": "Average",
            "tags": null,
            "tags_all": {},
            "threshold": 50,
            "threshold_metric_id": "",
            "treat_missing_data": "notBreaching",
            "unit": ""
          },
          "sensitive_attributes": [],
          "private": "eyJzY2hlbWFfdmVyc2lvbiI6IjEifQ==",
          "dependencies": [
            "aws_autoscaling_group.web",
            "aws_autoscaling_policy.web_policy_up",
            "aws_elb.web_elb",
            "aws_iam_instance_profile.this",
            "aws_iam_role.this",
            "aws_launch_template.web",
            "aws_security_group.demosg",
            "aws_security_group.elb_http",
            "aws_subnet.demosubnet",
            "aws_subnet.demosubnet1",
            "aws_vpc.demovpc",
            "data.aws_ami.amzon",
            "data.template_file.user_data_hw"
          ]
        }
      ]
    },
    {
      "mode": "managed",
      "type": "aws_elb",
      "name": "web_elb",
      "provider": "provider[\"registry.terraform.io/hashicorp/aws\"]",
      "instances": [
        {
          "schema_version": 0,
          "attributes": {
            "access_logs": [],
            "arn": "arn:aws:elasticloadbalancing:us-east-1:998487421164:loadbalancer/web-elb",
            "availability_zones": [
              "us-east-1a",
              "us-east-1b"
            ],
            "connection_draining": false,
            "connection_draining_timeout": 300,
            "cross_zone_load_balancing": true,
            "desync_mitigation_mode": "defensive",
            "dns_name": "web-elb-1325852865.us-east-1.elb.amazonaws.com",
            "health_check": [
              {
                "healthy_threshold": 2,
                "interval": 30,
                "target": "HTTP:80/",
                "timeout": 3,
                "unhealthy_threshold": 2
              }
            ],
            "id": "web-elb",
            "idle_timeout": 60,
            "instances": [
              "i-0aeb77a5290593aa1",
              "i-0d8ab3c1e1678c07b"
            ],
            "internal": false,
            "listener": [
              {
                "instance_port": 80,
                "instance_protocol": "http",
                "lb_port": 80,
                "lb_protocol": "http",
                "ssl_certificate_id": ""
              }
            ],
            "name": "web-elb",
            "name_prefix": null,
            "security_groups": [
              "sg-03c87d32b950660d9"
            ],
            "source_security_group": "998487421164/elb_http",
            "source_security_group_id": "sg-03c87d32b950660d9",
            "subnets": [
              "subnet-09d386f109bb854c2",
              "subnet-0aba6f7119fb94880"
            ],
            "tags": {},
            "tags_all": {},
            "zone_id": "Z35SXDOTRQ7X7K"
          },
          "sensitive_attributes": [],
          "private": "bnVsbA==",
          "dependencies": [
            "aws_security_group.elb_http",
            "aws_subnet.demosubnet",
            "aws_subnet.demosubnet1",
            "aws_vpc.demovpc"
          ]
        }
      ]
    },
    {
      "mode": "managed",
      "type": "aws_iam_instance_profile",
      "name": "this",
      "provider": "provider[\"registry.terraform.io/hashicorp/aws\"]",
      "instances": [
        {
          "schema_version": 0,
          "attributes": {
            "arn": "arn:aws:iam::998487421164:instance-profile/EC2-Profile",
            "create_date": "2022-10-26T07:44:50Z",
            "id": "EC2-Profile",
            "name": "EC2-Profile",
            "name_prefix": null,
            "path": "/",
            "role": "EC2-Role",
            "tags": {},
            "tags_all": {},
            "unique_id": "AIPA6Q6T46DWBCWWFFC5B"
          },
          "sensitive_attributes": [],
          "private": "bnVsbA==",
          "dependencies": [
            "aws_iam_role.this"
          ],
          "create_before_destroy": true
        }
      ]
    },
    {
      "mode": "managed",
      "type": "aws_iam_role",
      "name": "this",
      "provider": "provider[\"registry.terraform.io/hashicorp/aws\"]",
      "instances": [
        {
          "schema_version": 0,
          "attributes": {
            "arn": "arn:aws:iam::998487421164:role/EC2-Role",
            "assume_role_policy": "{\"Statement\":[{\"Action\":\"sts:AssumeRole\",\"Effect\":\"Allow\",\"Principal\":{\"Service\":\"ec2.amazonaws.com\"}}],\"Version\":\"2012-10-17\"}",
            "create_date": "2022-10-26T07:44:48Z",
            "description": "",
            "force_detach_policies": false,
            "id": "EC2-Role",
            "inline_policy": [
              {
                "name": "EC2-Inline-Policy",
                "policy": "{\"Statement\":[{\"Action\":[\"ssm:GetParameter\"],\"Effect\":\"Allow\",\"Resource\":\"*\"}],\"Version\":\"2012-10-17\"}"
              }
            ],
            "managed_policy_arns": [
              "arn:aws:iam::aws:policy/CloudWatchAgentServerPolicy",
              "arn:aws:iam::aws:policy/service-role/AmazonEC2RoleforSSM"
            ],
            "max_session_duration": 3600,
            "name": "EC2-Role",
            "name_prefix": "",
            "path": "/",
            "permissions_boundary": null,
            "tags": {},
            "tags_all": {},
            "unique_id": "AROA6Q6T46DWOXGLSO5VS"
          },
          "sensitive_attributes": [],
          "private": "bnVsbA==",
          "create_before_destroy": true
        }
      ]
    },
    {
      "mode": "managed",
      "type": "aws_iam_role_policy",
      "name": "this",
      "provider": "provider[\"registry.terraform.io/hashicorp/aws\"]",
      "instances": [
        {
          "schema_version": 0,
          "attributes": {
            "id": "EC2-Role:EC2-Inline-Policy",
            "name": "EC2-Inline-Policy",
            "name_prefix": null,
            "policy": "{\"Statement\":[{\"Action\":[\"ssm:GetParameter\"],\"Effect\":\"Allow\",\"Resource\":\"*\"}],\"Version\":\"2012-10-17\"}",
            "role": "EC2-Role"
          },
          "sensitive_attributes": [],
          "private": "bnVsbA==",
          "dependencies": [
            "aws_iam_role.this"
          ]
        }
      ]
    },
    {
      "mode": "managed",
      "type": "aws_iam_role_policy_attachment",
      "name": "this",
      "provider": "provider[\"registry.terraform.io/hashicorp/aws\"]",
      "instances": [
        {
          "index_key": 0,
          "schema_version": 0,
          "attributes": {
            "id": "EC2-Role-20221026074450344400000001",
            "policy_arn": "arn:aws:iam::aws:policy/service-role/AmazonEC2RoleforSSM",
            "role": "EC2-Role"
          },
          "sensitive_attributes": [],
          "private": "bnVsbA==",
          "dependencies": [
            "aws_iam_role.this"
          ]
        },
        {
          "index_key": 1,
          "schema_version": 0,
          "attributes": {
            "id": "EC2-Role-20221026074450637600000002",
            "policy_arn": "arn:aws:iam::aws:policy/CloudWatchAgentServerPolicy",
            "role": "EC2-Role"
          },
          "sensitive_attributes": [],
          "private": "bnVsbA==",
          "dependencies": [
            "aws_iam_role.this"
          ]
        }
      ]
    },
    {
      "mode": "managed",
      "type": "aws_internet_gateway",
      "name": "demogateway",
      "provider": "provider[\"registry.terraform.io/hashicorp/aws\"]",
      "instances": [
        {
          "schema_version": 0,
          "attributes": {
            "arn": "arn:aws:ec2:us-east-1:998487421164:internet-gateway/igw-07db915ca04fc96a1",
            "id": "igw-07db915ca04fc96a1",
            "owner_id": "998487421164",
            "tags": null,
            "tags_all": {},
            "timeouts": null,
            "vpc_id": "vpc-0536cf574a569bb41"
          },
          "sensitive_attributes": [],
          "private": "eyJlMmJmYjczMC1lY2FhLTExZTYtOGY4OC0zNDM2M2JjN2M0YzAiOnsiY3JlYXRlIjoxMjAwMDAwMDAwMDAwLCJkZWxldGUiOjEyMDAwMDAwMDAwMDAsInVwZGF0ZSI6MTIwMDAwMDAwMDAwMH19",
          "dependencies": [
            "aws_vpc.demovpc"
          ]
        }
      ]
    },
    {
      "mode": "managed",
      "type": "aws_key_pair",
      "name": "key_pair",
      "provider": "provider[\"registry.terraform.io/hashicorp/aws\"]",
      "instances": [
        {
          "schema_version": 1,
          "attributes": {
            "arn": "arn:aws:ec2:us-east-1:998487421164:key-pair/ec2Key-dev",
            "fingerprint": "70:bc:e5:fc:25:3c:49:13:2f:b0:f5:76:5a:cd:3a:6c",
            "id": "ec2Key-dev",
            "key_name": "ec2Key-dev",
            "key_name_prefix": "",
            "key_pair_id": "key-0d0c80dd764e99719",
            "key_type": "rsa",
            "public_key": "ssh-rsa AAAAB3NzaC1yc2EAAAADAQABAAACAQDkPFCYMHN0hSkgfVuSnaWLSgShgPocbGoWW+Z+IcBIZAVezD7ux8ogKB0qXZH40fewcY1XEWRZ4SJKz9g5WlYa+dXbyvLpNi6Mzce4ZtudL1NlxPdZwGXIrrBtoz9K2CE4QI+dz4Fb/hPBdP03fs6zuemVHRytMCmzfrW0yGzzDOgTgYB9t/9mvZf/+jpkVA+c+F9z1GxIMd0FzyPYqfhc32bkokMBMslcQ85dGWD3BgzmJvvY1YnXxPVVUEFxlsrdx1+g9wr9AsFjKkxMFrrY6qxJzYXD9rwPnExVk0kBZJnia1tICm6wmWYMcDmrFhr30XSiRUmV4aehUg80mV0G7+2HOJnYV887GbL6BrwKiKAZ7WOm5oX8YAHHXpIA8Wblt+0oE9TWy/DuPmyO2M2pSdxgiKHslp6Q0CNgmzJigOiS9MzpEipDbaDLxqM+t4b0vD6Mywmnb+PZp/tF+eS9lhVE9Qd0oyS+7GhbFhiWJVihjIBRRbgjowQ9SlqWJap+fOT7AJNHPHY5b+D8AjAvaR7NYUaVd+xvZEoKqAtbET4JCTijf2zMsK/I6AVUAjXZ4daxf7vARFmA1N5QCUFBBFpcPuAB75oSMyEt9pGz+jq0CL9DQR9KvwZuCYZ7Ni2VlCXCoc2N4VxAyeADfrgLXKQhxtcx9ES7nHvoBHAEeQ==",
            "tags": null,
            "tags_all": {}
          },
          "sensitive_attributes": [],
          "private": "eyJzY2hlbWFfdmVyc2lvbiI6IjEifQ==",
          "dependencies": [
            "tls_private_key.private_key"
          ]
        }
      ]
    },
    {
      "mode": "managed",
      "type": "aws_launch_template",
      "name": "web",
      "provider": "provider[\"registry.terraform.io/hashicorp/aws\"]",
      "instances": [
        {
          "schema_version": 0,
          "attributes": {
            "arn": "arn:aws:ec2:us-east-1:998487421164:launch-template/lt-0b5b171046ea01ecc",
            "block_device_mappings": [],
            "capacity_reservation_specification": [],
            "cpu_options": [],
            "credit_specification": [],
            "default_version": 1,
            "description": "",
            "disable_api_stop": false,
            "disable_api_termination": false,
            "ebs_optimized": "",
            "elastic_gpu_specifications": [],
            "elastic_inference_accelerator": [],
            "enclave_options": [],
            "hibernation_options": [],
            "iam_instance_profile": [
              {
                "arn": "",
                "name": "EC2-Profile"
              }
            ],
            "id": "lt-0b5b171046ea01ecc",
            "image_id": "ami-079c8dd8e8153eb92",
            "instance_initiated_shutdown_behavior": "",
            "instance_market_options": [],
            "instance_requirements": [],
            "instance_type": "t2.micro",
            "kernel_id": "",
            "key_name": "ec2Key-dev",
            "latest_version": 2,
            "license_specification": [],
            "maintenance_options": [],
            "metadata_options": [],
            "monitoring": [],
            "name": "web-20221026074456658100000004",
            "name_prefix": "web-",
            "network_interfaces": [
              {
                "associate_carrier_ip_address": "",
                "associate_public_ip_address": "true",
                "delete_on_termination": "",
                "description": "",
                "device_index": 0,
                "interface_type": "",
                "ipv4_address_count": 0,
                "ipv4_addresses": [],
                "ipv4_prefix_count": 0,
                "ipv4_prefixes": [],
                "ipv6_address_count": 0,
                "ipv6_addresses": [],
                "ipv6_prefix_count": 0,
                "ipv6_prefixes": [],
                "network_card_index": 0,
                "network_interface_id": "",
                "private_ip_address": "",
                "security_groups": [
                  "sg-0a382705aada5bae2"
                ],
                "subnet_id": ""
              }
            ],
            "placement": [],
            "private_dns_name_options": [],
            "ram_disk_id": "",
            "security_group_names": [],
            "tag_specifications": [],
            "tags": {},
            "tags_all": {},
            "update_default_version": null,
            "user_data": "IyEgL2Jpbi9iYXNoCnNldCAtZQoKIyBPdXB1dCBhbGwgbG9nCmV4ZWMgPiA+KHRlZSAvdmFyL2xvZy91c2VyLWRhdGEubG9nfGxvZ2dlciAtdCB1c2VyLWRhdGEtZXh0cmEgLXMgMj4vZGV2L2NvbnNvbGUpIDI+JjEKeXVtIHVwZGF0ZSAteQp5dW0gdXBncmFkZSAteQoKIyBDb25maWd1cmUgQ2xvdWR3YXRjaCBhZ2VudAp3Z2V0IGh0dHBzOi8vczMuYW1hem9uYXdzLmNvbS9hbWF6b25jbG91ZHdhdGNoLWFnZW50L2FtYXpvbl9saW51eC9hbWQ2NC9sYXRlc3QvYW1hem9uLWNsb3Vkd2F0Y2gtYWdlbnQucnBtCnJwbSAtVSAuL2FtYXpvbi1jbG91ZHdhdGNoLWFnZW50LnJwbQoKbWtkaXIgLXAgL3Vzci9zaGFyZS9jb2xsZWN0ZC8KdG91Y2ggL3Vzci9zaGFyZS9jb2xsZWN0ZC90eXBlcy5kYgoKIyBVc2UgY2xvdWR3YXRjaCBjb25maWcgZnJvbSBTU00KL29wdC9hd3MvYW1hem9uLWNsb3Vkd2F0Y2gtYWdlbnQvYmluL2FtYXpvbi1jbG91ZHdhdGNoLWFnZW50LWN0bCBcCi1hIGZldGNoLWNvbmZpZyBcCi1tIGVjMiBcCi1jIHNzbTpBbXpvbkNsb3VkV2F0Y2gtTGludXhDb25maWcgLXMKCgoKIyBNYWtlIHN1cmUgd2UgaGF2ZSBhbGwgdGhlIGxhdGVzdCB1cGRhdGVzIHdoZW4gd2UgbGF1bmNoIHRoaXMgaW5zdGFuY2UKCgoKc3VkbyBhbWF6b24tbGludXgtZXh0cmFzIGluc3RhbGwgZXBlbCAteQpzdWRvIHl1bSBpbnN0YWxsIHN0cmVzcyAteQoKCgo=",
            "vpc_security_group_ids": []
          },
          "sensitive_attributes": [],
          "private": "bnVsbA==",
          "dependencies": [
            "aws_iam_instance_profile.this",
            "aws_iam_role.this",
            "aws_security_group.demosg",
            "aws_vpc.demovpc",
            "data.aws_ami.amzon",
            "data.template_file.user_data_hw"
          ],
          "create_before_destroy": true
        }
      ]
    },
    {
      "mode": "managed",
      "type": "aws_route_table",
      "name": "route",
      "provider": "provider[\"registry.terraform.io/hashicorp/aws\"]",
      "instances": [
        {
          "schema_version": 0,
          "attributes": {
            "arn": "arn:aws:ec2:us-east-1:998487421164:route-table/rtb-0b8ff9ea90d4c3e13",
            "id": "rtb-0b8ff9ea90d4c3e13",
            "owner_id": "998487421164",
            "propagating_vgws": [],
            "route": [
              {
                "carrier_gateway_id": "",
                "cidr_block": "0.0.0.0/0",
                "core_network_arn": "",
                "destination_prefix_list_id": "",
                "egress_only_gateway_id": "",
                "gateway_id": "igw-07db915ca04fc96a1",
                "instance_id": "",
                "ipv6_cidr_block": "",
                "local_gateway_id": "",
                "nat_gateway_id": "",
                "network_interface_id": "",
                "transit_gateway_id": "",
                "vpc_endpoint_id": "",
                "vpc_peering_connection_id": ""
              }
            ],
            "tags": {
              "Name": "Route to internet"
            },
            "tags_all": {
              "Name": "Route to internet"
            },
            "timeouts": null,
            "vpc_id": "vpc-0536cf574a569bb41"
          },
          "sensitive_attributes": [],
          "private": "eyJlMmJmYjczMC1lY2FhLTExZTYtOGY4OC0zNDM2M2JjN2M0YzAiOnsiY3JlYXRlIjozMDAwMDAwMDAwMDAsImRlbGV0ZSI6MzAwMDAwMDAwMDAwLCJ1cGRhdGUiOjEyMDAwMDAwMDAwMH19",
          "dependencies": [
            "aws_internet_gateway.demogateway",
            "aws_vpc.demovpc"
          ]
        }
      ]
    },
    {
      "mode": "managed",
      "type": "aws_route_table_association",
      "name": "rt1",
      "provider": "provider[\"registry.terraform.io/hashicorp/aws\"]",
      "instances": [
        {
          "schema_version": 0,
          "attributes": {
            "gateway_id": "",
            "id": "rtbassoc-0cffc21752a806422",
            "route_table_id": "rtb-0b8ff9ea90d4c3e13",
            "subnet_id": "subnet-09d386f109bb854c2"
          },
          "sensitive_attributes": [],
          "private": "bnVsbA==",
          "dependencies": [
            "aws_internet_gateway.demogateway",
            "aws_route_table.route",
            "aws_subnet.demosubnet",
            "aws_vpc.demovpc"
          ]
        }
      ]
    },
    {
      "mode": "managed",
      "type": "aws_route_table_association",
      "name": "rt2",
      "provider": "provider[\"registry.terraform.io/hashicorp/aws\"]",
      "instances": [
        {
          "schema_version": 0,
          "attributes": {
            "gateway_id": "",
            "id": "rtbassoc-00a1ab3b4019d2c63",
            "route_table_id": "rtb-0b8ff9ea90d4c3e13",
            "subnet_id": "subnet-0aba6f7119fb94880"
          },
          "sensitive_attributes": [],
          "private": "bnVsbA==",
          "dependencies": [
            "aws_internet_gateway.demogateway",
            "aws_route_table.route",
            "aws_subnet.demosubnet1",
            "aws_vpc.demovpc"
          ]
        }
      ]
    },
    {
      "mode": "managed",
      "type": "aws_security_group",
      "name": "demosg",
      "provider": "provider[\"registry.terraform.io/hashicorp/aws\"]",
      "instances": [
        {
          "schema_version": 1,
          "attributes": {
            "arn": "arn:aws:ec2:us-east-1:998487421164:security-group/sg-0a382705aada5bae2",
            "description": "Managed by Terraform",
            "egress": [
              {
                "cidr_blocks": [
                  "0.0.0.0/0"
                ],
                "description": "",
                "from_port": 0,
                "ipv6_cidr_blocks": [],
                "prefix_list_ids": [],
                "protocol": "-1",
                "security_groups": [],
                "self": false,
                "to_port": 0
              }
            ],
            "id": "sg-0a382705aada5bae2",
            "ingress": [
              {
                "cidr_blocks": [
                  "0.0.0.0/0"
                ],
                "description": "",
                "from_port": 22,
                "ipv6_cidr_blocks": [],
                "prefix_list_ids": [],
                "protocol": "tcp",
                "security_groups": [],
                "self": false,
                "to_port": 22
              },
              {
                "cidr_blocks": [
                  "0.0.0.0/0"
                ],
                "description": "",
                "from_port": 443,
                "ipv6_cidr_blocks": [],
                "prefix_list_ids": [],
                "protocol": "tcp",
                "security_groups": [],
                "self": false,
                "to_port": 443
              },
              {
                "cidr_blocks": [
                  "0.0.0.0/0"
                ],
                "description": "",
                "from_port": 80,
                "ipv6_cidr_blocks": [],
                "prefix_list_ids": [],
                "protocol": "tcp",
                "security_groups": [],
                "self": false,
                "to_port": 80
              }
            ],
            "name": "terraform-20221026074451806500000003",
            "name_prefix": "terraform-",
            "owner_id": "998487421164",
            "revoke_rules_on_delete": false,
            "tags": {},
            "tags_all": {},
            "timeouts": null,
            "vpc_id": "vpc-0536cf574a569bb41"
          },
          "sensitive_attributes": [],
          "private": "eyJlMmJmYjczMC1lY2FhLTExZTYtOGY4OC0zNDM2M2JjN2M0YzAiOnsiY3JlYXRlIjo2MDAwMDAwMDAwMDAsImRlbGV0ZSI6OTAwMDAwMDAwMDAwfSwic2NoZW1hX3ZlcnNpb24iOiIxIn0=",
          "dependencies": [
            "aws_vpc.demovpc"
          ],
          "create_before_destroy": true
        }
      ]
    },
    {
      "mode": "managed",
      "type": "aws_security_group",
      "name": "elb_http",
      "provider": "provider[\"registry.terraform.io/hashicorp/aws\"]",
      "instances": [
        {
          "schema_version": 1,
          "attributes": {
            "arn": "arn:aws:ec2:us-east-1:998487421164:security-group/sg-03c87d32b950660d9",
            "description": "Allow HTTP traffic to instances through Elastic Load Balancer",
            "egress": [
              {
                "cidr_blocks": [
                  "0.0.0.0/0"
                ],
                "description": "",
                "from_port": 0,
                "ipv6_cidr_blocks": [],
                "prefix_list_ids": [],
                "protocol": "-1",
                "security_groups": [],
                "self": false,
                "to_port": 0
              }
            ],
            "id": "sg-03c87d32b950660d9",
            "ingress": [
              {
                "cidr_blocks": [
                  "0.0.0.0/0"
                ],
                "description": "",
                "from_port": 80,
                "ipv6_cidr_blocks": [],
                "prefix_list_ids": [],
                "protocol": "tcp",
                "security_groups": [],
                "self": false,
                "to_port": 80
              }
            ],
            "name": "elb_http",
            "name_prefix": "",
            "owner_id": "998487421164",
            "revoke_rules_on_delete": false,
            "tags": {
              "Name": "Allow HTTP through ELB Security Group"
            },
            "tags_all": {
              "Name": "Allow HTTP through ELB Security Group"
            },
            "timeouts": null,
            "vpc_id": "vpc-0536cf574a569bb41"
          },
          "sensitive_attributes": [],
          "private": "eyJlMmJmYjczMC1lY2FhLTExZTYtOGY4OC0zNDM2M2JjN2M0YzAiOnsiY3JlYXRlIjo2MDAwMDAwMDAwMDAsImRlbGV0ZSI6OTAwMDAwMDAwMDAwfSwic2NoZW1hX3ZlcnNpb24iOiIxIn0=",
          "dependencies": [
            "aws_vpc.demovpc"
          ]
        }
      ]
    },
    {
      "mode": "managed",
      "type": "aws_ssm_parameter",
      "name": "cw_agent",
      "provider": "provider[\"registry.terraform.io/hashicorp/aws\"]",
      "instances": [
        {
          "schema_version": 0,
          "attributes": {
            "allowed_pattern": "",
            "arn": "arn:aws:ssm:us-east-1:998487421164:parameter/AmzonCloudWatch-LinuxConfig",
            "data_type": "text",
            "description": "Cloudwatch agent config to configure custom log",
            "id": "AmzonCloudWatch-LinuxConfig",
            "insecure_value": null,
            "key_id": "",
            "name": "AmzonCloudWatch-LinuxConfig",
            "overwrite": null,
            "tags": {},
            "tags_all": {},
            "tier": "Standard",
            "type": "String",
            "value": "{\r\n\t\"metrics\":{\r\n\t   \"metrics_collected\":{\r\n\t\t  \"mem\":{\r\n\t\t\t \"measurement\":[\r\n\t\t\t\t\"mem_used_percent\"\r\n\t\t\t ],\r\n\t\t\t \"metrics_collection_interval\":60\r\n\t\t  }\r\n\t   },\r\n\t   \"append_dimensions\": {\r\n\t\t \"AutoScalingGroupName\": \"${aws:AutoScalingGroupName}\"\r\n\t\t\r\n\t\t \r\n\t   },\r\n\t   \"aggregation_dimensions\": [[\"InstanceId\", \"InstanceType\"], [\"InstanceId\"]]\r\n\t}\r\n }\r\n\r\n ",
            "version": 1
          },
          "sensitive_attributes": [],
          "private": "bnVsbA==",
          "create_before_destroy": true
        }
      ]
    },
    {
      "mode": "managed",
      "type": "aws_subnet",
      "name": "demosubnet",
      "provider": "provider[\"registry.terraform.io/hashicorp/aws\"]",
      "instances": [
        {
          "schema_version": 1,
          "attributes": {
            "arn": "arn:aws:ec2:us-east-1:998487421164:subnet/subnet-09d386f109bb854c2",
            "assign_ipv6_address_on_creation": false,
            "availability_zone": "us-east-1a",
            "availability_zone_id": "use1-az4",
            "cidr_block": "10.0.1.0/24",
            "customer_owned_ipv4_pool": "",
            "enable_dns64": false,
            "enable_resource_name_dns_a_record_on_launch": false,
            "enable_resource_name_dns_aaaa_record_on_launch": false,
            "id": "subnet-09d386f109bb854c2",
            "ipv6_cidr_block": "",
            "ipv6_cidr_block_association_id": "",
            "ipv6_native": false,
            "map_customer_owned_ip_on_launch": false,
            "map_public_ip_on_launch": true,
            "outpost_arn": "",
            "owner_id": "998487421164",
            "private_dns_hostname_type_on_launch": "ip-name",
            "tags": {
              "Name": "Demo subnet"
            },
            "tags_all": {
              "Name": "Demo subnet"
            },
            "timeouts": null,
            "vpc_id": "vpc-0536cf574a569bb41"
          },
          "sensitive_attributes": [],
          "private": "eyJlMmJmYjczMC1lY2FhLTExZTYtOGY4OC0zNDM2M2JjN2M0YzAiOnsiY3JlYXRlIjo2MDAwMDAwMDAwMDAsImRlbGV0ZSI6MTIwMDAwMDAwMDAwMH0sInNjaGVtYV92ZXJzaW9uIjoiMSJ9",
          "dependencies": [
            "aws_vpc.demovpc"
          ]
        }
      ]
    },
    {
      "mode": "managed",
      "type": "aws_subnet",
      "name": "demosubnet1",
      "provider": "provider[\"registry.terraform.io/hashicorp/aws\"]",
      "instances": [
        {
          "schema_version": 1,
          "attributes": {
            "arn": "arn:aws:ec2:us-east-1:998487421164:subnet/subnet-0aba6f7119fb94880",
            "assign_ipv6_address_on_creation": false,
            "availability_zone": "us-east-1b",
            "availability_zone_id": "use1-az6",
            "cidr_block": "10.0.2.0/24",
            "customer_owned_ipv4_pool": "",
            "enable_dns64": false,
            "enable_resource_name_dns_a_record_on_launch": false,
            "enable_resource_name_dns_aaaa_record_on_launch": false,
            "id": "subnet-0aba6f7119fb94880",
            "ipv6_cidr_block": "",
            "ipv6_cidr_block_association_id": "",
            "ipv6_native": false,
            "map_customer_owned_ip_on_launch": false,
            "map_public_ip_on_launch": true,
            "outpost_arn": "",
            "owner_id": "998487421164",
            "private_dns_hostname_type_on_launch": "ip-name",
            "tags": {
              "Name": "Demo subnet 1"
            },
            "tags_all": {
              "Name": "Demo subnet 1"
            },
            "timeouts": null,
            "vpc_id": "vpc-0536cf574a569bb41"
          },
          "sensitive_attributes": [],
          "private": "eyJlMmJmYjczMC1lY2FhLTExZTYtOGY4OC0zNDM2M2JjN2M0YzAiOnsiY3JlYXRlIjo2MDAwMDAwMDAwMDAsImRlbGV0ZSI6MTIwMDAwMDAwMDAwMH0sInNjaGVtYV92ZXJzaW9uIjoiMSJ9",
          "dependencies": [
            "aws_vpc.demovpc"
          ]
        }
      ]
    },
    {
      "mode": "managed",
      "type": "aws_vpc",
      "name": "demovpc",
      "provider": "provider[\"registry.terraform.io/hashicorp/aws\"]",
      "instances": [
        {
          "schema_version": 1,
          "attributes": {
            "arn": "arn:aws:ec2:us-east-1:998487421164:vpc/vpc-0536cf574a569bb41",
            "assign_generated_ipv6_cidr_block": false,
            "cidr_block": "10.0.0.0/16",
            "default_network_acl_id": "acl-00a0facadd3b7437b",
            "default_route_table_id": "rtb-022a50a2cd9a3348d",
            "default_security_group_id": "sg-07d9082b15e3402e6",
            "dhcp_options_id": "dopt-090019ef5c40fa040",
            "enable_classiclink": false,
            "enable_classiclink_dns_support": false,
            "enable_dns_hostnames": false,
            "enable_dns_support": true,
            "enable_network_address_usage_metrics": false,
            "id": "vpc-0536cf574a569bb41",
            "instance_tenancy": "default",
            "ipv4_ipam_pool_id": null,
            "ipv4_netmask_length": null,
            "ipv6_association_id": "",
            "ipv6_cidr_block": "",
            "ipv6_cidr_block_network_border_group": "",
            "ipv6_ipam_pool_id": "",
            "ipv6_netmask_length": 0,
            "main_route_table_id": "rtb-022a50a2cd9a3348d",
            "owner_id": "998487421164",
            "tags": {
              "Name": "Demo VPC"
            },
            "tags_all": {
              "Name": "Demo VPC"
            }
          },
          "sensitive_attributes": [],
          "private": "eyJzY2hlbWFfdmVyc2lvbiI6IjEifQ==",
          "create_before_destroy": true
        }
      ]
    },
    {
      "mode": "managed",
      "type": "local_file",
      "name": "saveKey",
      "provider": "provider[\"registry.terraform.io/hashicorp/local\"]",
      "instances": [
        {
          "schema_version": 0,
          "attributes": {
            "content": "-----BEGIN RSA PRIVATE KEY-----\nMIIJKAIBAAKCAgEA5DxQmDBzdIUpIH1bkp2li0oEoYD6HGxqFlvmfiHASGQFXsw+\n7sfKICgdKl2R+NH3sHGNVxFkWeEiSs/YOVpWGvnV28ry6TYujM3HuGbbnS9TZcT3\nWcBlyK6wbaM/StghOECPnc+BW/4TwXT9N37Os7nplR0crTAps361tMhs8wzoE4GA\nfbf/Zr2X//o6ZFQPnPhfc9RsSDHdBc8j2Kn4XN9m5KJDATLJXEPOXRlg9wYM5ib7\n2NWJ18T1VVBBcZbK3cdfoPcK/QLBYypMTBa62OqsSc2Fw/a8D5xMVZNJAWSZ4mtb\nSApusJlmDHA5qxYa99F0okVJleGnoVIPNJldBu/thziZ2FfPOxmy+ga8CoigGe1j\npuaF/GABx16SAPFm5bftKBPU1svw7j5sjtjNqUncYIih7JaekNAjYJsyYoDokvTM\n6RIqQ22gy8ajPreG9Lw+jMsJp2/j2af7RfnkvZYVRPUHdKMkvuxoWxYYliVYoYyA\nUUW4I6MEPUpaliWqfnzk+wCTRzx2OW/g/AIwL2kezWFGlXfsb2RKCqgLWxE+CQk4\no39szLCvyOgFVAI12eHWsX+7wERZgNTeUAlBQQRaXD7gAe+aEjMhLfaRs/o6tAi/\nQ0EfSr8GbgmGezYtlZQlwqHNjeFcQMngA364C1ykIcbXMfREu5x76ARwBHkCAwEA\nAQKCAgBP6fqCPzy9yL5MvPfqTz6elc0nS4THnQJMT+NVuLWd4z+qILPMYbIZLlJ/\n+gFZcRNb+XZ2zQUpH1Ylgb8A3euWSHIkIlyJYcpMzOSoYYN19xMpaBz/lQlOijQG\nP4myyBhhnOFsbTKrJjx+mVrsKn9vmKH77xSSY3HGgpBW+3KCa7t60PZPjrRjofDt\n1QzLAk/xM1ogsXk0khkEprGzdFgdFK/vUA1MBx9QKgHAwVkdRUYQ9AdsteAs567L\nL22quxTPMLcAIl/7lRJniXDrl23W89xdfxPeOK9CfASSVh7S2Qm0qMhuYhC9zwhX\nRJg8mmHY8cL36nDIhRlvt87RKP3T/YfRu7cT6OgeQJjNgknKyoCwhoTkRW04zAl3\n3Mq/Ue7HRQW5yNNrsEGV4yv9jYc1A2dzhWR+Hc2xEzup5ny0RJJM4x08p8pdGPJH\nQwLMjvdz4+lIjyWG1dYaVy49uBcUUcBhLN2zgkNOf2O76kxYwOwe3WNsw6cKDP1C\nVcQjB9ER1aMnFJoaWKU2L+/1AQB3ibaH7Qk+SP2+oGaPefikcRAGfwuwtQHKENEM\nQKblysdxq0V5O2dcWLZfGy0Eu/yvNRnuvndiUKStyMwER9whV7ofwMwZuUi2V1X/\n0V5t5fc0qYudsZuiXF/2AFMZggAO0HfD8fMuHBKF45YCTCUf8QKCAQEA5k/FukR6\nyaxbrgitrFSJo834LI69Ka+PC9R/a2dyTWw5fc1ra/RLQtRq2jxs/a2VyxibOSCc\nlZl9311QSMuTuR06vHmOAlkjZuXQ7VZ43Gy/DqoHNOyI0UEz+z2ul8iHZD/aX7Eu\nfJb/iz3GT8A9FOockO1YPL9Ae89wV+DM9WE6IvLSlACXgexRMb7VB865x4fynIrl\nZqgONtT4wO8IJrzpWwrgi9FPvnfHfhLnGQTeJNROFb76i8yMG8VP5kkThy/uK4dL\nzbCFQlEEEOxCkulvAnFmhXh1LRXWEfP5jsMoPxMTYsoJ3c/pjsFJ6d+bMDrcsv17\nz+1AAyoS/0EwvQKCAQEA/bFD1f1H3iuKDpPoHTtYunpYBoqxjUBL3mBPdH4assVp\nPJQQbqetLMqPAfLJplNxs7TjqDJBISmtu5s+t/XawlJLm+SOM4QutE37Z0W0Ziy7\nAER+WjcogtiYpwLQ+ozLf8vPzN+oYX5giI5buM9OJoW0TSffQ3R0wGvXY5f/vh/Q\njcnmBoaVJXmqbMO0e6cfoz1Xegec5glmviw15dCxGXdvGaTPvWqcuSdh0UMoUL1y\nAfx1dHH7R92VWq6MtDTjIripT2vB5uKeKRNmnw6IFerC+nU80+Z5G4CeId+l8MQm\nIByWqqq2j+76qk0O6eTBsltGgjpYZ712J0s6nhWUbQKCAQB9SDOk6Y9pmSqd9vaS\nYcIlqusvQc5AmNFVfBh8El+pIg/8EPw4U0GFbwtY/7nCHOT4/7+gSc8jycUg9h+w\nGZ2X+wByeiT3vgl19dm64WkJbtZXYcJd1bVvLurZ5mnNAzYzIFDn8Pf6qiEEW2w/\nAbG4aMl1RMbU9KxdLTBNfWnAqUz4qeJGxDOmZyibyNUVVCzXD2q4IQ4803o39Y4D\nVYO3ntfJwJb5N7kLQRjxydKQV4eHvT1ksuiTl4c3rBOUj3fh9/61Cvn/P+CdfHib\nxAlK5VSPnaRJQodrKQ+z4GWGdT61YOkQuhq34FuKXjaY1BwVFk/rxdvN9Z72mbKP\ny6R5AoIBAQD2y1rNsr8Wb863TcXRoik4B8rYWlZNrk3gQFsrXX4FiaxNxVCTBUWf\nvFIQuCrZRnXnN8L8nh7j7xLW3jjOZzrwLXTmbBq2HRH+T5qRparQdxVYNkmg4+Xi\nHGmslz3Lb+qMIS6/BJledr3cOnkaOXmyWgHDyVUV3xWxF3gKqBSf1X1iYhYHJSe0\ntD5J3r0WSceqWwNdcEh/NIgh2wp3zmRq/Ng03zNE9pEOQjSTibyPhyyAqCNvK28j\nQ3mHJSU2LfkEjxYOcCrKvIzWMsxzUYSrpZ0WX7TUA3KvgZjUJSjeJ0Nbm9QqpTZC\noV5zC9HFUcfpBYh7Kd1U1mg546JbpWylAoIBACcXDLgZ4WX6//6dwSlsd9EGZNbP\nTb18j2EBTGC7oDWO5AzNPg7aJiNz+w/MGYYQfL1kStCVcWzNnajBDItmC9Rv/sc3\n98uasRtTgpNHI0ZsdCAdptJt8x7dvPYCaASCwpgf8UxANwTtX2fgYOOrmuDpJpPL\nfBnqP366ZgiVh+MMq7hBvxCf7mXfF1WSBotPdvNoVCjhreFxyt4zVt1Tsglz9B6I\nkOvYyyal6djsLVENN7dVViEnAjVjpZWCQqPAAdNWLcDKh7DIK1mzeOUMgwImSDFE\nEE2E8HqwyBOy/iVBKRmAEBQZCqjRAYBXiOSG9uIR1qfXNdwdK7t1nThnKv8=\n-----END RSA PRIVATE KEY-----\n",
            "content_base64": null,
            "directory_permission": "0777",
            "file_permission": "0777",
            "filename": "load_balace.pem",
            "id": "efa7732ee0a9e68c3a75c985a2fa74311923b8ec",
            "sensitive_content": null,
            "source": null
          },
          "sensitive_attributes": [
            [
              {
                "type": "get_attr",
                "value": "content"
              }
            ]
          ],
          "private": "bnVsbA==",
          "dependencies": [
            "tls_private_key.private_key"
          ]
        }
      ]
    },
    {
      "mode": "managed",
      "type": "tls_private_key",
      "name": "private_key",
      "provider": "provider[\"registry.terraform.io/hashicorp/tls\"]",
      "instances": [
        {
          "schema_version": 1,
          "attributes": {
            "algorithm": "RSA",
            "ecdsa_curve": "P224",
            "id": "6b37d49128441cce03f850a560c93423008af538",
            "private_key_openssh": "-----BEGIN OPENSSH PRIVATE KEY-----\nb3BlbnNzaC1rZXktdjEAAAAABG5vbmUAAAAEbm9uZQAAAAAAAAABAAACFwAAAAdz\nc2gtcnNhAAAAAwEAAQAAAgEA5DxQmDBzdIUpIH1bkp2li0oEoYD6HGxqFlvmfiHA\nSGQFXsw+7sfKICgdKl2R+NH3sHGNVxFkWeEiSs/YOVpWGvnV28ry6TYujM3HuGbb\nnS9TZcT3WcBlyK6wbaM/StghOECPnc+BW/4TwXT9N37Os7nplR0crTAps361tMhs\n8wzoE4GAfbf/Zr2X//o6ZFQPnPhfc9RsSDHdBc8j2Kn4XN9m5KJDATLJXEPOXRlg\n9wYM5ib72NWJ18T1VVBBcZbK3cdfoPcK/QLBYypMTBa62OqsSc2Fw/a8D5xMVZNJ\nAWSZ4mtbSApusJlmDHA5qxYa99F0okVJleGnoVIPNJldBu/thziZ2FfPOxmy+ga8\nCoigGe1jpuaF/GABx16SAPFm5bftKBPU1svw7j5sjtjNqUncYIih7JaekNAjYJsy\nYoDokvTM6RIqQ22gy8ajPreG9Lw+jMsJp2/j2af7RfnkvZYVRPUHdKMkvuxoWxYY\nliVYoYyAUUW4I6MEPUpaliWqfnzk+wCTRzx2OW/g/AIwL2kezWFGlXfsb2RKCqgL\nWxE+CQk4o39szLCvyOgFVAI12eHWsX+7wERZgNTeUAlBQQRaXD7gAe+aEjMhLfaR\ns/o6tAi/Q0EfSr8GbgmGezYtlZQlwqHNjeFcQMngA364C1ykIcbXMfREu5x76ARw\nBHkAAAc4ZjCfgWYwn4EAAAAHc3NoLXJzYQAAAgEA5DxQmDBzdIUpIH1bkp2li0oE\noYD6HGxqFlvmfiHASGQFXsw+7sfKICgdKl2R+NH3sHGNVxFkWeEiSs/YOVpWGvnV\n28ry6TYujM3HuGbbnS9TZcT3WcBlyK6wbaM/StghOECPnc+BW/4TwXT9N37Os7np\nlR0crTAps361tMhs8wzoE4GAfbf/Zr2X//o6ZFQPnPhfc9RsSDHdBc8j2Kn4XN9m\n5KJDATLJXEPOXRlg9wYM5ib72NWJ18T1VVBBcZbK3cdfoPcK/QLBYypMTBa62Oqs\nSc2Fw/a8D5xMVZNJAWSZ4mtbSApusJlmDHA5qxYa99F0okVJleGnoVIPNJldBu/t\nhziZ2FfPOxmy+ga8CoigGe1jpuaF/GABx16SAPFm5bftKBPU1svw7j5sjtjNqUnc\nYIih7JaekNAjYJsyYoDokvTM6RIqQ22gy8ajPreG9Lw+jMsJp2/j2af7RfnkvZYV\nRPUHdKMkvuxoWxYYliVYoYyAUUW4I6MEPUpaliWqfnzk+wCTRzx2OW/g/AIwL2ke\nzWFGlXfsb2RKCqgLWxE+CQk4o39szLCvyOgFVAI12eHWsX+7wERZgNTeUAlBQQRa\nXD7gAe+aEjMhLfaRs/o6tAi/Q0EfSr8GbgmGezYtlZQlwqHNjeFcQMngA364C1yk\nIcbXMfREu5x76ARwBHkAAAADAQABAAACAE/p+oI/PL3Ivky89+pPPp6VzSdLhMed\nAkxP41W4tZ3jP6ogs8xhshkuUn/6AVlxE1v5dnbNBSkfViWBvwDd65ZIciQiXIlh\nykzM5Khhg3X3EyloHP+VCU6KNAY/ibLIGGGc4WxtMqsmPH6ZWuwqf2+YofvvFJJj\nccaCkFb7coJru3rQ9k+OtGOh8O3VDMsCT/EzWiCxeTSSGQSmsbN0WB0Ur+9QDUwH\nH1AqAcDBWR1FRhD0B2y14Cznrssvbaq7FM8wtwAiX/uVEmeJcOuXbdbz3F1/E944\nr0J8BJJWHtLZCbSoyG5iEL3PCFdEmDyaYdjxwvfqcMiFGW+3ztEo/dP9h9G7txPo\n6B5AmM2CScrKgLCGhORFbTjMCXfcyr9R7sdFBbnI02uwQZXjK/2NhzUDZ3OFZH4d\nzbETO6nmfLREkkzjHTynyl0Y8kdDAsyO93Pj6UiPJYbV1hpXLj24FxRRwGEs3bOC\nQ05/Y7vqTFjA7B7dY2zDpwoM/UJVxCMH0RHVoycUmhpYpTYv7/UBAHeJtoftCT5I\n/b6gZo95+KRxEAZ/C7C1AcoQ0QxApuXKx3GrRXk7Z1xYtl8bLQS7/K81Ge6+d2JQ\npK3IzARH3CFXuh/AzBm5SLZXVf/RXm3l9zSpi52xm6JcX/YAUxmCAA7Qd8Px8y4c\nEoXjlgJMJR/xAAABACcXDLgZ4WX6//6dwSlsd9EGZNbPTb18j2EBTGC7oDWO5AzN\nPg7aJiNz+w/MGYYQfL1kStCVcWzNnajBDItmC9Rv/sc398uasRtTgpNHI0ZsdCAd\nptJt8x7dvPYCaASCwpgf8UxANwTtX2fgYOOrmuDpJpPLfBnqP366ZgiVh+MMq7hB\nvxCf7mXfF1WSBotPdvNoVCjhreFxyt4zVt1Tsglz9B6IkOvYyyal6djsLVENN7dV\nViEnAjVjpZWCQqPAAdNWLcDKh7DIK1mzeOUMgwImSDFEEE2E8HqwyBOy/iVBKRmA\nEBQZCqjRAYBXiOSG9uIR1qfXNdwdK7t1nThnKv8AAAEBAOZPxbpEesmsW64IraxU\niaPN+CyOvSmvjwvUf2tnck1sOX3Na2v0S0LUato8bP2tlcsYmzkgnJWZfd9dUEjL\nk7kdOrx5jgJZI2bl0O1WeNxsvw6qBzTsiNFBM/s9rpfIh2Q/2l+xLnyW/4s9xk/A\nPRTqHJDtWDy/QHvPcFfgzPVhOiLy0pQAl4HsUTG+1QfOuceH8pyK5WaoDjbU+MDv\nCCa86VsK4IvRT753x34S5xkE3iTUThW++ovMjBvFT+ZJE4cv7iuHS82whUJRBBDs\nQpLpbwJxZoV4dS0V1hHz+Y7DKD8TE2LKCd3P6Y7BSenfmzA63LL9e8/tQAMqEv9B\nML0AAAEBAP2xQ9X9R94rig6T6B07WLp6WAaKsY1AS95gT3R+GrLFaTyUEG6nrSzK\njwHyyaZTcbO046gyQSEprbubPrf12sJSS5vkjjOELrRN+2dFtGYsuwBEflo3KILY\nmKcC0PqMy3/Lz8zfqGF+YIiOW7jPTiaFtE0n30N0dMBr12OX/74f0I3J5gaGlSV5\nqmzDtHunH6M9V3oHnOYJZr4sNeXQsRl3bxmkz71qnLknYdFDKFC9cgH8dXRx+0fd\nlVqujLQ04yK4qU9rwebinikTZp8OiBXqwvp1PNPmeRuAniHfpfDEJiAclqqqto/u\n+qpNDunkwbJbRoI6WGe9didLOp4VlG0AAAAAAQID\n-----END OPENSSH PRIVATE KEY-----\n",
            "private_key_pem": "-----BEGIN RSA PRIVATE KEY-----\nMIIJKAIBAAKCAgEA5DxQmDBzdIUpIH1bkp2li0oEoYD6HGxqFlvmfiHASGQFXsw+\n7sfKICgdKl2R+NH3sHGNVxFkWeEiSs/YOVpWGvnV28ry6TYujM3HuGbbnS9TZcT3\nWcBlyK6wbaM/StghOECPnc+BW/4TwXT9N37Os7nplR0crTAps361tMhs8wzoE4GA\nfbf/Zr2X//o6ZFQPnPhfc9RsSDHdBc8j2Kn4XN9m5KJDATLJXEPOXRlg9wYM5ib7\n2NWJ18T1VVBBcZbK3cdfoPcK/QLBYypMTBa62OqsSc2Fw/a8D5xMVZNJAWSZ4mtb\nSApusJlmDHA5qxYa99F0okVJleGnoVIPNJldBu/thziZ2FfPOxmy+ga8CoigGe1j\npuaF/GABx16SAPFm5bftKBPU1svw7j5sjtjNqUncYIih7JaekNAjYJsyYoDokvTM\n6RIqQ22gy8ajPreG9Lw+jMsJp2/j2af7RfnkvZYVRPUHdKMkvuxoWxYYliVYoYyA\nUUW4I6MEPUpaliWqfnzk+wCTRzx2OW/g/AIwL2kezWFGlXfsb2RKCqgLWxE+CQk4\no39szLCvyOgFVAI12eHWsX+7wERZgNTeUAlBQQRaXD7gAe+aEjMhLfaRs/o6tAi/\nQ0EfSr8GbgmGezYtlZQlwqHNjeFcQMngA364C1ykIcbXMfREu5x76ARwBHkCAwEA\nAQKCAgBP6fqCPzy9yL5MvPfqTz6elc0nS4THnQJMT+NVuLWd4z+qILPMYbIZLlJ/\n+gFZcRNb+XZ2zQUpH1Ylgb8A3euWSHIkIlyJYcpMzOSoYYN19xMpaBz/lQlOijQG\nP4myyBhhnOFsbTKrJjx+mVrsKn9vmKH77xSSY3HGgpBW+3KCa7t60PZPjrRjofDt\n1QzLAk/xM1ogsXk0khkEprGzdFgdFK/vUA1MBx9QKgHAwVkdRUYQ9AdsteAs567L\nL22quxTPMLcAIl/7lRJniXDrl23W89xdfxPeOK9CfASSVh7S2Qm0qMhuYhC9zwhX\nRJg8mmHY8cL36nDIhRlvt87RKP3T/YfRu7cT6OgeQJjNgknKyoCwhoTkRW04zAl3\n3Mq/Ue7HRQW5yNNrsEGV4yv9jYc1A2dzhWR+Hc2xEzup5ny0RJJM4x08p8pdGPJH\nQwLMjvdz4+lIjyWG1dYaVy49uBcUUcBhLN2zgkNOf2O76kxYwOwe3WNsw6cKDP1C\nVcQjB9ER1aMnFJoaWKU2L+/1AQB3ibaH7Qk+SP2+oGaPefikcRAGfwuwtQHKENEM\nQKblysdxq0V5O2dcWLZfGy0Eu/yvNRnuvndiUKStyMwER9whV7ofwMwZuUi2V1X/\n0V5t5fc0qYudsZuiXF/2AFMZggAO0HfD8fMuHBKF45YCTCUf8QKCAQEA5k/FukR6\nyaxbrgitrFSJo834LI69Ka+PC9R/a2dyTWw5fc1ra/RLQtRq2jxs/a2VyxibOSCc\nlZl9311QSMuTuR06vHmOAlkjZuXQ7VZ43Gy/DqoHNOyI0UEz+z2ul8iHZD/aX7Eu\nfJb/iz3GT8A9FOockO1YPL9Ae89wV+DM9WE6IvLSlACXgexRMb7VB865x4fynIrl\nZqgONtT4wO8IJrzpWwrgi9FPvnfHfhLnGQTeJNROFb76i8yMG8VP5kkThy/uK4dL\nzbCFQlEEEOxCkulvAnFmhXh1LRXWEfP5jsMoPxMTYsoJ3c/pjsFJ6d+bMDrcsv17\nz+1AAyoS/0EwvQKCAQEA/bFD1f1H3iuKDpPoHTtYunpYBoqxjUBL3mBPdH4assVp\nPJQQbqetLMqPAfLJplNxs7TjqDJBISmtu5s+t/XawlJLm+SOM4QutE37Z0W0Ziy7\nAER+WjcogtiYpwLQ+ozLf8vPzN+oYX5giI5buM9OJoW0TSffQ3R0wGvXY5f/vh/Q\njcnmBoaVJXmqbMO0e6cfoz1Xegec5glmviw15dCxGXdvGaTPvWqcuSdh0UMoUL1y\nAfx1dHH7R92VWq6MtDTjIripT2vB5uKeKRNmnw6IFerC+nU80+Z5G4CeId+l8MQm\nIByWqqq2j+76qk0O6eTBsltGgjpYZ712J0s6nhWUbQKCAQB9SDOk6Y9pmSqd9vaS\nYcIlqusvQc5AmNFVfBh8El+pIg/8EPw4U0GFbwtY/7nCHOT4/7+gSc8jycUg9h+w\nGZ2X+wByeiT3vgl19dm64WkJbtZXYcJd1bVvLurZ5mnNAzYzIFDn8Pf6qiEEW2w/\nAbG4aMl1RMbU9KxdLTBNfWnAqUz4qeJGxDOmZyibyNUVVCzXD2q4IQ4803o39Y4D\nVYO3ntfJwJb5N7kLQRjxydKQV4eHvT1ksuiTl4c3rBOUj3fh9/61Cvn/P+CdfHib\nxAlK5VSPnaRJQodrKQ+z4GWGdT61YOkQuhq34FuKXjaY1BwVFk/rxdvN9Z72mbKP\ny6R5AoIBAQD2y1rNsr8Wb863TcXRoik4B8rYWlZNrk3gQFsrXX4FiaxNxVCTBUWf\nvFIQuCrZRnXnN8L8nh7j7xLW3jjOZzrwLXTmbBq2HRH+T5qRparQdxVYNkmg4+Xi\nHGmslz3Lb+qMIS6/BJledr3cOnkaOXmyWgHDyVUV3xWxF3gKqBSf1X1iYhYHJSe0\ntD5J3r0WSceqWwNdcEh/NIgh2wp3zmRq/Ng03zNE9pEOQjSTibyPhyyAqCNvK28j\nQ3mHJSU2LfkEjxYOcCrKvIzWMsxzUYSrpZ0WX7TUA3KvgZjUJSjeJ0Nbm9QqpTZC\noV5zC9HFUcfpBYh7Kd1U1mg546JbpWylAoIBACcXDLgZ4WX6//6dwSlsd9EGZNbP\nTb18j2EBTGC7oDWO5AzNPg7aJiNz+w/MGYYQfL1kStCVcWzNnajBDItmC9Rv/sc3\n98uasRtTgpNHI0ZsdCAdptJt8x7dvPYCaASCwpgf8UxANwTtX2fgYOOrmuDpJpPL\nfBnqP366ZgiVh+MMq7hBvxCf7mXfF1WSBotPdvNoVCjhreFxyt4zVt1Tsglz9B6I\nkOvYyyal6djsLVENN7dVViEnAjVjpZWCQqPAAdNWLcDKh7DIK1mzeOUMgwImSDFE\nEE2E8HqwyBOy/iVBKRmAEBQZCqjRAYBXiOSG9uIR1qfXNdwdK7t1nThnKv8=\n-----END RSA PRIVATE KEY-----\n",
            "private_key_pem_pkcs8": "-----BEGIN PRIVATE KEY-----\nMIIJQgIBADANBgkqhkiG9w0BAQEFAASCCSwwggkoAgEAAoICAQDkPFCYMHN0hSkg\nfVuSnaWLSgShgPocbGoWW+Z+IcBIZAVezD7ux8ogKB0qXZH40fewcY1XEWRZ4SJK\nz9g5WlYa+dXbyvLpNi6Mzce4ZtudL1NlxPdZwGXIrrBtoz9K2CE4QI+dz4Fb/hPB\ndP03fs6zuemVHRytMCmzfrW0yGzzDOgTgYB9t/9mvZf/+jpkVA+c+F9z1GxIMd0F\nzyPYqfhc32bkokMBMslcQ85dGWD3BgzmJvvY1YnXxPVVUEFxlsrdx1+g9wr9AsFj\nKkxMFrrY6qxJzYXD9rwPnExVk0kBZJnia1tICm6wmWYMcDmrFhr30XSiRUmV4aeh\nUg80mV0G7+2HOJnYV887GbL6BrwKiKAZ7WOm5oX8YAHHXpIA8Wblt+0oE9TWy/Du\nPmyO2M2pSdxgiKHslp6Q0CNgmzJigOiS9MzpEipDbaDLxqM+t4b0vD6Mywmnb+PZ\np/tF+eS9lhVE9Qd0oyS+7GhbFhiWJVihjIBRRbgjowQ9SlqWJap+fOT7AJNHPHY5\nb+D8AjAvaR7NYUaVd+xvZEoKqAtbET4JCTijf2zMsK/I6AVUAjXZ4daxf7vARFmA\n1N5QCUFBBFpcPuAB75oSMyEt9pGz+jq0CL9DQR9KvwZuCYZ7Ni2VlCXCoc2N4VxA\nyeADfrgLXKQhxtcx9ES7nHvoBHAEeQIDAQABAoICAE/p+oI/PL3Ivky89+pPPp6V\nzSdLhMedAkxP41W4tZ3jP6ogs8xhshkuUn/6AVlxE1v5dnbNBSkfViWBvwDd65ZI\nciQiXIlhykzM5Khhg3X3EyloHP+VCU6KNAY/ibLIGGGc4WxtMqsmPH6ZWuwqf2+Y\nofvvFJJjccaCkFb7coJru3rQ9k+OtGOh8O3VDMsCT/EzWiCxeTSSGQSmsbN0WB0U\nr+9QDUwHH1AqAcDBWR1FRhD0B2y14Cznrssvbaq7FM8wtwAiX/uVEmeJcOuXbdbz\n3F1/E944r0J8BJJWHtLZCbSoyG5iEL3PCFdEmDyaYdjxwvfqcMiFGW+3ztEo/dP9\nh9G7txPo6B5AmM2CScrKgLCGhORFbTjMCXfcyr9R7sdFBbnI02uwQZXjK/2NhzUD\nZ3OFZH4dzbETO6nmfLREkkzjHTynyl0Y8kdDAsyO93Pj6UiPJYbV1hpXLj24FxRR\nwGEs3bOCQ05/Y7vqTFjA7B7dY2zDpwoM/UJVxCMH0RHVoycUmhpYpTYv7/UBAHeJ\ntoftCT5I/b6gZo95+KRxEAZ/C7C1AcoQ0QxApuXKx3GrRXk7Z1xYtl8bLQS7/K81\nGe6+d2JQpK3IzARH3CFXuh/AzBm5SLZXVf/RXm3l9zSpi52xm6JcX/YAUxmCAA7Q\nd8Px8y4cEoXjlgJMJR/xAoIBAQDmT8W6RHrJrFuuCK2sVImjzfgsjr0pr48L1H9r\nZ3JNbDl9zWtr9EtC1GraPGz9rZXLGJs5IJyVmX3fXVBIy5O5HTq8eY4CWSNm5dDt\nVnjcbL8Oqgc07IjRQTP7Pa6XyIdkP9pfsS58lv+LPcZPwD0U6hyQ7Vg8v0B7z3BX\n4Mz1YToi8tKUAJeB7FExvtUHzrnHh/KciuVmqA421PjA7wgmvOlbCuCL0U++d8d+\nEucZBN4k1E4VvvqLzIwbxU/mSROHL+4rh0vNsIVCUQQQ7EKS6W8CcWaFeHUtFdYR\n8/mOwyg/ExNiygndz+mOwUnp35swOtyy/XvP7UADKhL/QTC9AoIBAQD9sUPV/Ufe\nK4oOk+gdO1i6elgGirGNQEveYE90fhqyxWk8lBBup60syo8B8smmU3GztOOoMkEh\nKa27mz639drCUkub5I4zhC60TftnRbRmLLsARH5aNyiC2JinAtD6jMt/y8/M36hh\nfmCIjlu4z04mhbRNJ99DdHTAa9djl/++H9CNyeYGhpUleapsw7R7px+jPVd6B5zm\nCWa+LDXl0LEZd28ZpM+9apy5J2HRQyhQvXIB/HV0cftH3ZVaroy0NOMiuKlPa8Hm\n4p4pE2afDogV6sL6dTzT5nkbgJ4h36XwxCYgHJaqqraP7vqqTQ7p5MGyW0aCOlhn\nvXYnSzqeFZRtAoIBAH1IM6Tpj2mZKp329pJhwiWq6y9BzkCY0VV8GHwSX6kiD/wQ\n/DhTQYVvC1j/ucIc5Pj/v6BJzyPJxSD2H7AZnZf7AHJ6JPe+CXX12brhaQlu1ldh\nwl3VtW8u6tnmac0DNjMgUOfw9/qqIQRbbD8BsbhoyXVExtT0rF0tME19acCpTPip\n4kbEM6ZnKJvI1RVULNcParghDjzTejf1jgNVg7ee18nAlvk3uQtBGPHJ0pBXh4e9\nPWSy6JOXhzesE5SPd+H3/rUK+f8/4J18eJvECUrlVI+dpElCh2spD7PgZYZ1PrVg\n6RC6GrfgW4peNpjUHBUWT+vF2831nvaZso/LpHkCggEBAPbLWs2yvxZvzrdNxdGi\nKTgHythaVk2uTeBAWytdfgWJrE3FUJMFRZ+8UhC4KtlGdec3wvyeHuPvEtbeOM5n\nOvAtdOZsGrYdEf5PmpGlqtB3FVg2SaDj5eIcaayXPctv6owhLr8EmV52vdw6eRo5\nebJaAcPJVRXfFbEXeAqoFJ/VfWJiFgclJ7S0PknevRZJx6pbA11wSH80iCHbCnfO\nZGr82DTfM0T2kQ5CNJOJvI+HLICoI28rbyNDeYclJTYt+QSPFg5wKsq8jNYyzHNR\nhKulnRZftNQDcq+BmNQlKN4nQ1ub1CqlNkKhXnML0cVRx+kFiHsp3VTWaDnjolul\nbKUCggEAJxcMuBnhZfr//p3BKWx30QZk1s9NvXyPYQFMYLugNY7kDM0+DtomI3P7\nD8wZhhB8vWRK0JVxbM2dqMEMi2YL1G/+xzf3y5qxG1OCk0cjRmx0IB2m0m3zHt28\n9gJoBILCmB/xTEA3BO1fZ+Bg46ua4Okmk8t8Geo/frpmCJWH4wyruEG/EJ/uZd8X\nVZIGi09282hUKOGt4XHK3jNW3VOyCXP0HoiQ69jLJqXp2OwtUQ03t1VWIScCNWOl\nlYJCo8AB01YtwMqHsMgrWbN45QyDAiZIMUQQTYTwerDIE7L+JUEpGYAQFBkKqNEB\ngFeI5Ib24hHWp9c13B0ru3WdOGcq/w==\n-----END PRIVATE KEY-----\n",
            "public_key_fingerprint_md5": "ba:34:0e:76:e0:19:11:ca:57:84:37:a2:b7:43:d4:76",
            "public_key_fingerprint_sha256": "SHA256:0EBxx3wAqg+zjGQf10Fyjmvv30pdqEsUeEIXqANwydQ",
            "public_key_openssh": "ssh-rsa AAAAB3NzaC1yc2EAAAADAQABAAACAQDkPFCYMHN0hSkgfVuSnaWLSgShgPocbGoWW+Z+IcBIZAVezD7ux8ogKB0qXZH40fewcY1XEWRZ4SJKz9g5WlYa+dXbyvLpNi6Mzce4ZtudL1NlxPdZwGXIrrBtoz9K2CE4QI+dz4Fb/hPBdP03fs6zuemVHRytMCmzfrW0yGzzDOgTgYB9t/9mvZf/+jpkVA+c+F9z1GxIMd0FzyPYqfhc32bkokMBMslcQ85dGWD3BgzmJvvY1YnXxPVVUEFxlsrdx1+g9wr9AsFjKkxMFrrY6qxJzYXD9rwPnExVk0kBZJnia1tICm6wmWYMcDmrFhr30XSiRUmV4aehUg80mV0G7+2HOJnYV887GbL6BrwKiKAZ7WOm5oX8YAHHXpIA8Wblt+0oE9TWy/DuPmyO2M2pSdxgiKHslp6Q0CNgmzJigOiS9MzpEipDbaDLxqM+t4b0vD6Mywmnb+PZp/tF+eS9lhVE9Qd0oyS+7GhbFhiWJVihjIBRRbgjowQ9SlqWJap+fOT7AJNHPHY5b+D8AjAvaR7NYUaVd+xvZEoKqAtbET4JCTijf2zMsK/I6AVUAjXZ4daxf7vARFmA1N5QCUFBBFpcPuAB75oSMyEt9pGz+jq0CL9DQR9KvwZuCYZ7Ni2VlCXCoc2N4VxAyeADfrgLXKQhxtcx9ES7nHvoBHAEeQ==\n",
            "public_key_pem": "-----BEGIN PUBLIC KEY-----\nMIICIjANBgkqhkiG9w0BAQEFAAOCAg8AMIICCgKCAgEA5DxQmDBzdIUpIH1bkp2l\ni0oEoYD6HGxqFlvmfiHASGQFXsw+7sfKICgdKl2R+NH3sHGNVxFkWeEiSs/YOVpW\nGvnV28ry6TYujM3HuGbbnS9TZcT3WcBlyK6wbaM/StghOECPnc+BW/4TwXT9N37O\ns7nplR0crTAps361tMhs8wzoE4GAfbf/Zr2X//o6ZFQPnPhfc9RsSDHdBc8j2Kn4\nXN9m5KJDATLJXEPOXRlg9wYM5ib72NWJ18T1VVBBcZbK3cdfoPcK/QLBYypMTBa6\n2OqsSc2Fw/a8D5xMVZNJAWSZ4mtbSApusJlmDHA5qxYa99F0okVJleGnoVIPNJld\nBu/thziZ2FfPOxmy+ga8CoigGe1jpuaF/GABx16SAPFm5bftKBPU1svw7j5sjtjN\nqUncYIih7JaekNAjYJsyYoDokvTM6RIqQ22gy8ajPreG9Lw+jMsJp2/j2af7Rfnk\nvZYVRPUHdKMkvuxoWxYYliVYoYyAUUW4I6MEPUpaliWqfnzk+wCTRzx2OW/g/AIw\nL2kezWFGlXfsb2RKCqgLWxE+CQk4o39szLCvyOgFVAI12eHWsX+7wERZgNTeUAlB\nQQRaXD7gAe+aEjMhLfaRs/o6tAi/Q0EfSr8GbgmGezYtlZQlwqHNjeFcQMngA364\nC1ykIcbXMfREu5x76ARwBHkCAwEAAQ==\n-----END PUBLIC KEY-----\n",
            "rsa_bits": 4096
          },
          "sensitive_attributes": []
        }
      ]
    }
  ],
  "check_results": []
}
